{
    "name": "divbloxjs-create-app",
    "version": "1.1.8",
    "lockfileVersion": 3,
    "requires": true,
    "packages": {
        "": {
            "name": "divbloxjs-create-app",
            "version": "1.1.8",
            "license": "MIT",
            "dependencies": {
                "dx-utilities": "^1.0.3"
            },
            "bin": {
                "divbloxjs-create-app": "bin/init-dx.js"
            }
        },
        "node_modules/dx-utilities": {
            "version": "1.0.3",
            "resolved": "https://registry.npmjs.org/dx-utilities/-/dx-utilities-1.0.3.tgz",
            "integrity": "sha512-a6iUz8zRWf5KWsZuP/iVbcC3ba+ogV2RT2381er6hg73uyyQYT8cDHRYhu7PT6Im/JoiGuKtdbsVVVOJo5Xibg=="
        }
    }
}
