{
  "name": "divbloxjs-application-generator",
  "version": "1.0.0",
  "lockfileVersion": 2,
  "requires": true,
  "packages": {
    "": {
      "name": "divbloxjs-application-generator",
      "version": "1.0.0",
      "license": "MIT",
      "dependencies": {
        "dx-utils": "github:divbloxjs/dx-utils"
      },
      "bin": {
        "divbloxjs-application-generator": "bin/init-dx.js"
      }
    },
    "node_modules/dx-utils": {
      "version": "1.0.0",
      "resolved": "git+ssh://git@github.com/divbloxjs/dx-utils.git#43ab551507311bc9f485a9be83b67ef93da1bf42",
      "license": "MIT"
    }
  },
  "dependencies": {
    "dx-utils": {
      "version": "git+ssh://git@github.com/divbloxjs/dx-utils.git#43ab551507311bc9f485a9be83b67ef93da1bf42",
      "from": "dx-utils@github:divbloxjs/dx-utils"
    }
  }
}
